
Microsoft Visual Studio Solution File, Format Version 12.00
# Visual Studio Version 17
VisualStudioVersion = 17.3.32804.467
MinimumVisualStudioVersion = 10.0.40219.1
Project("{FAE04EC0-301F-11D3-BF4B-00C04F79EFBC}") = "FirstGameTry", "FirstGameTry.csproj", "{E55DC401-DF71-4D68-9478-BB9C88D8F78F}"
EndProject
Global
	GlobalSection(SolutionConfigurationPlatforms) = preSolution
		Debug|Any CPU = Debug|Any CPU
		Release|Any CPU = Release|Any CPU
	EndGlobalSection
	GlobalSection(ProjectConfigurationPlatforms) = postSolution
		{E55DC401-DF71-4D68-9478-BB9C88D8F78F}.Debug|Any CPU.ActiveCfg = Debug|Any CPU
		{E55DC401-DF71-4D68-9478-BB9C88D8F78F}.Debug|Any CPU.Build.0 = Debug|Any CPU
		{E55DC401-DF71-4D68-9478-BB9C88D8F78F}.Release|Any CPU.ActiveCfg = Release|Any CPU
		{E55DC401-DF71-4D68-9478-BB9C88D8F78F}.Release|Any CPU.Build.0 = Release|Any CPU
	EndGlobalSection
	GlobalSection(SolutionProperties) = preSolution
		HideSolutionNode = FALSE
	EndGlobalSection
	GlobalSection(ExtensibilityGlobals) = postSolution
		SolutionGuid = {14EBF973-601B-420D-9D88-EBBE8837DA0A}
	EndGlobalSection
EndGlobal
